{
    "requires": true,
    "lockfileVersion": 1,
    "dependencies": {
        "titatoggle": {
            "version": "2.1.2",
            "resolved": "https://registry.npmjs.org/titatoggle/-/titatoggle-2.1.2.tgz",
            "integrity": "sha1-L/gBF+69QAQtuYv+BX/pXhNbb1g=",
            "dev": true
        }
    }
}
